[{<<"backoff">>,
  {git,"https://github.com/ferd/backoff.git",
       {ref,"f759866a17fa97234a021242e769b69c11d99180"}},
  0},
 {<<"goldrush">>,
  {git,"git://github.com/DeadZen/goldrush.git",
       {ref,"64864ba7fcf40988361340e48680b49a2c2938cf"}},
  1},
 {<<"lager">>,
  {git,"https://github.com/basho/lager.git",
       {ref,"f65dde85523b6aa6a259db1c93518187ae366515"}},
  0},
 {<<"merklet">>,
  {git,"https://github.com/ferd/merklet.git",
       {ref,"6818d76779a2b11fc3fc92f53d3a4aaa833c13ee"}},
  0}].
